
Microsoft Visual Studio Solution File, Format Version 12.00
# Visual Studio Version 16
VisualStudioVersion = 16.0.30128.74
MinimumVisualStudioVersion = 10.0.40219.1
Project("{8BC9CEB8-8B4A-11D0-8D11-00A0C91BC942}") = "478.在圆内随机生成点", "478.在圆内随机生成点.vcxproj", "{C58136DF-4FD7-49C2-9206-D6F7B0E560C8}"
EndProject
Global
	GlobalSection(SolutionConfigurationPlatforms) = preSolution
		Debug|x64 = Debug|x64
		Debug|x86 = Debug|x86
		Release|x64 = Release|x64
		Release|x86 = Release|x86
	EndGlobalSection
	GlobalSection(ProjectConfigurationPlatforms) = postSolution
		{C58136DF-4FD7-49C2-9206-D6F7B0E560C8}.Debug|x64.ActiveCfg = Debug|x64
		{C58136DF-4FD7-49C2-9206-D6F7B0E560C8}.Debug|x64.Build.0 = Debug|x64
		{C58136DF-4FD7-49C2-9206-D6F7B0E560C8}.Debug|x86.ActiveCfg = Debug|Win32
		{C58136DF-4FD7-49C2-9206-D6F7B0E560C8}.Debug|x86.Build.0 = Debug|Win32
		{C58136DF-4FD7-49C2-9206-D6F7B0E560C8}.Release|x64.ActiveCfg = Release|x64
		{C58136DF-4FD7-49C2-9206-D6F7B0E560C8}.Release|x64.Build.0 = Release|x64
		{C58136DF-4FD7-49C2-9206-D6F7B0E560C8}.Release|x86.ActiveCfg = Release|Win32
		{C58136DF-4FD7-49C2-9206-D6F7B0E560C8}.Release|x86.Build.0 = Release|Win32
	EndGlobalSection
	GlobalSection(SolutionProperties) = preSolution
		HideSolutionNode = FALSE
	EndGlobalSection
	GlobalSection(ExtensibilityGlobals) = postSolution
		SolutionGuid = {E075483C-D9A0-4EB2-BA0F-05607A1FEBCE}
	EndGlobalSection
EndGlobal
