
Microsoft Visual Studio Solution File, Format Version 12.00
# Visual Studio Version 16
VisualStudioVersion = 16.0.29519.181
MinimumVisualStudioVersion = 10.0.40219.1
Project("{8BC9CEB8-8B4A-11D0-8D11-00A0C91BC942}") = "编写一个函数strmcpy(s,t,m)。在主程序中输入一个字符串t和一个开始位置m，调用strmcpy(s,t,m)函数，然后输出字符串s的结果", "编写一个函数strmcpy(s,t,m)。在主程序中输入一个字符串t和一个开始位置m，调用strmcpy(s,t,m)函数，然后输出字符串s的结果.vcxproj", "{85AC24AB-4A38-4CF9-A229-DF9EE2EF1007}"
EndProject
Global
	GlobalSection(SolutionConfigurationPlatforms) = preSolution
		Debug|x64 = Debug|x64
		Debug|x86 = Debug|x86
		Release|x64 = Release|x64
		Release|x86 = Release|x86
	EndGlobalSection
	GlobalSection(ProjectConfigurationPlatforms) = postSolution
		{85AC24AB-4A38-4CF9-A229-DF9EE2EF1007}.Debug|x64.ActiveCfg = Debug|x64
		{85AC24AB-4A38-4CF9-A229-DF9EE2EF1007}.Debug|x64.Build.0 = Debug|x64
		{85AC24AB-4A38-4CF9-A229-DF9EE2EF1007}.Debug|x86.ActiveCfg = Debug|Win32
		{85AC24AB-4A38-4CF9-A229-DF9EE2EF1007}.Debug|x86.Build.0 = Debug|Win32
		{85AC24AB-4A38-4CF9-A229-DF9EE2EF1007}.Release|x64.ActiveCfg = Release|x64
		{85AC24AB-4A38-4CF9-A229-DF9EE2EF1007}.Release|x64.Build.0 = Release|x64
		{85AC24AB-4A38-4CF9-A229-DF9EE2EF1007}.Release|x86.ActiveCfg = Release|Win32
		{85AC24AB-4A38-4CF9-A229-DF9EE2EF1007}.Release|x86.Build.0 = Release|Win32
	EndGlobalSection
	GlobalSection(SolutionProperties) = preSolution
		HideSolutionNode = FALSE
	EndGlobalSection
	GlobalSection(ExtensibilityGlobals) = postSolution
		SolutionGuid = {4535B4A3-0226-4CD4-BD51-214B6DED00F0}
	EndGlobalSection
EndGlobal
